
Microsoft Visual Studio Solution File, Format Version 12.00
# Visual Studio Version 17
VisualStudioVersion = 17.0.32112.339
MinimumVisualStudioVersion = 10.0.40219.1
Project("{FAE04EC0-301F-11D3-BF4B-00C04F79EFBC}") = "ElectronJsRevitAddin.Application", "ElectronJsRevitAddin.Application\ElectronJsRevitAddin.Application.csproj", "{EC36D66C-C50D-455D-BBCC-6F1F38D3B864}"
EndProject
Project("{9A19103F-16F7-4668-BE54-9A1E7A4F7556}") = "ElectronJsRevitAddin.TestServer", "ElectronJsRevitAddin.TestServer\ElectronJsRevitAddin.TestServer.csproj", "{3E8C0131-1D86-4985-90B6-90CDBE4E3746}"
EndProject
Global
	GlobalSection(SolutionConfigurationPlatforms) = preSolution
		Debug|Any CPU = Debug|Any CPU
		Debug2016|Any CPU = Debug2016|Any CPU
		Debug2017|Any CPU = Debug2017|Any CPU
		Debug2018|Any CPU = Debug2018|Any CPU
		Debug2019|Any CPU = Debug2019|Any CPU
		Debug2020|Any CPU = Debug2020|Any CPU
		Debug2021|Any CPU = Debug2021|Any CPU
		Debug2022|Any CPU = Debug2022|Any CPU
		Debug2023|Any CPU = Debug2023|Any CPU
		Release|Any CPU = Release|Any CPU
		Release2016|Any CPU = Release2016|Any CPU
		Release2017|Any CPU = Release2017|Any CPU
		Release2018|Any CPU = Release2018|Any CPU
		Release2019|Any CPU = Release2019|Any CPU
		Release2020|Any CPU = Release2020|Any CPU
		Release2021|Any CPU = Release2021|Any CPU
		Release2022|Any CPU = Release2022|Any CPU
		Release2023|Any CPU = Release2023|Any CPU
	EndGlobalSection
	GlobalSection(ProjectConfigurationPlatforms) = postSolution
		{EC36D66C-C50D-455D-BBCC-6F1F38D3B864}.Debug|Any CPU.ActiveCfg = Debug2016|Any CPU
		{EC36D66C-C50D-455D-BBCC-6F1F38D3B864}.Debug|Any CPU.Build.0 = Debug2016|Any CPU
		{EC36D66C-C50D-455D-BBCC-6F1F38D3B864}.Debug2016|Any CPU.ActiveCfg = Debug2016|Any CPU
		{EC36D66C-C50D-455D-BBCC-6F1F38D3B864}.Debug2016|Any CPU.Build.0 = Debug2016|Any CPU
		{EC36D66C-C50D-455D-BBCC-6F1F38D3B864}.Debug2017|Any CPU.ActiveCfg = Debug2017|Any CPU
		{EC36D66C-C50D-455D-BBCC-6F1F38D3B864}.Debug2017|Any CPU.Build.0 = Debug2017|Any CPU
		{EC36D66C-C50D-455D-BBCC-6F1F38D3B864}.Debug2018|Any CPU.ActiveCfg = Debug2018|Any CPU
		{EC36D66C-C50D-455D-BBCC-6F1F38D3B864}.Debug2018|Any CPU.Build.0 = Debug2018|Any CPU
		{EC36D66C-C50D-455D-BBCC-6F1F38D3B864}.Debug2019|Any CPU.ActiveCfg = Debug2019|Any CPU
		{EC36D66C-C50D-455D-BBCC-6F1F38D3B864}.Debug2019|Any CPU.Build.0 = Debug2019|Any CPU
		{EC36D66C-C50D-455D-BBCC-6F1F38D3B864}.Debug2020|Any CPU.ActiveCfg = Debug2020|Any CPU
		{EC36D66C-C50D-455D-BBCC-6F1F38D3B864}.Debug2020|Any CPU.Build.0 = Debug2020|Any CPU
		{EC36D66C-C50D-455D-BBCC-6F1F38D3B864}.Debug2021|Any CPU.ActiveCfg = Debug2021|Any CPU
		{EC36D66C-C50D-455D-BBCC-6F1F38D3B864}.Debug2021|Any CPU.Build.0 = Debug2021|Any CPU
		{EC36D66C-C50D-455D-BBCC-6F1F38D3B864}.Debug2022|Any CPU.ActiveCfg = Debug2022|Any CPU
		{EC36D66C-C50D-455D-BBCC-6F1F38D3B864}.Debug2022|Any CPU.Build.0 = Debug2022|Any CPU
		{EC36D66C-C50D-455D-BBCC-6F1F38D3B864}.Debug2023|Any CPU.ActiveCfg = Debug2023|Any CPU
		{EC36D66C-C50D-455D-BBCC-6F1F38D3B864}.Debug2023|Any CPU.Build.0 = Debug2023|Any CPU
		{EC36D66C-C50D-455D-BBCC-6F1F38D3B864}.Release|Any CPU.ActiveCfg = Release2016|Any CPU
		{EC36D66C-C50D-455D-BBCC-6F1F38D3B864}.Release|Any CPU.Build.0 = Release2016|Any CPU
		{EC36D66C-C50D-455D-BBCC-6F1F38D3B864}.Release2016|Any CPU.ActiveCfg = Release2016|Any CPU
		{EC36D66C-C50D-455D-BBCC-6F1F38D3B864}.Release2016|Any CPU.Build.0 = Release2016|Any CPU
		{EC36D66C-C50D-455D-BBCC-6F1F38D3B864}.Release2017|Any CPU.ActiveCfg = Release2017|Any CPU
		{EC36D66C-C50D-455D-BBCC-6F1F38D3B864}.Release2017|Any CPU.Build.0 = Release2017|Any CPU
		{EC36D66C-C50D-455D-BBCC-6F1F38D3B864}.Release2018|Any CPU.ActiveCfg = Release2018|Any CPU
		{EC36D66C-C50D-455D-BBCC-6F1F38D3B864}.Release2018|Any CPU.Build.0 = Release2018|Any CPU
		{EC36D66C-C50D-455D-BBCC-6F1F38D3B864}.Release2019|Any CPU.ActiveCfg = Release2019|Any CPU
		{EC36D66C-C50D-455D-BBCC-6F1F38D3B864}.Release2019|Any CPU.Build.0 = Release2019|Any CPU
		{EC36D66C-C50D-455D-BBCC-6F1F38D3B864}.Release2020|Any CPU.ActiveCfg = Release2020|Any CPU
		{EC36D66C-C50D-455D-BBCC-6F1F38D3B864}.Release2020|Any CPU.Build.0 = Release2020|Any CPU
		{EC36D66C-C50D-455D-BBCC-6F1F38D3B864}.Release2021|Any CPU.ActiveCfg = Release2021|Any CPU
		{EC36D66C-C50D-455D-BBCC-6F1F38D3B864}.Release2021|Any CPU.Build.0 = Release2021|Any CPU
		{EC36D66C-C50D-455D-BBCC-6F1F38D3B864}.Release2022|Any CPU.ActiveCfg = Release2022|Any CPU
		{EC36D66C-C50D-455D-BBCC-6F1F38D3B864}.Release2022|Any CPU.Build.0 = Release2022|Any CPU
		{EC36D66C-C50D-455D-BBCC-6F1F38D3B864}.Release2023|Any CPU.ActiveCfg = Release2023|Any CPU
		{EC36D66C-C50D-455D-BBCC-6F1F38D3B864}.Release2023|Any CPU.Build.0 = Release2023|Any CPU
		{3E8C0131-1D86-4985-90B6-90CDBE4E3746}.Debug|Any CPU.ActiveCfg = Debug|Any CPU
		{3E8C0131-1D86-4985-90B6-90CDBE4E3746}.Debug|Any CPU.Build.0 = Debug|Any CPU
		{3E8C0131-1D86-4985-90B6-90CDBE4E3746}.Debug2016|Any CPU.ActiveCfg = Debug|Any CPU
		{3E8C0131-1D86-4985-90B6-90CDBE4E3746}.Debug2016|Any CPU.Build.0 = Debug|Any CPU
		{3E8C0131-1D86-4985-90B6-90CDBE4E3746}.Debug2017|Any CPU.ActiveCfg = Debug|Any CPU
		{3E8C0131-1D86-4985-90B6-90CDBE4E3746}.Debug2017|Any CPU.Build.0 = Debug|Any CPU
		{3E8C0131-1D86-4985-90B6-90CDBE4E3746}.Debug2018|Any CPU.ActiveCfg = Debug|Any CPU
		{3E8C0131-1D86-4985-90B6-90CDBE4E3746}.Debug2018|Any CPU.Build.0 = Debug|Any CPU
		{3E8C0131-1D86-4985-90B6-90CDBE4E3746}.Debug2019|Any CPU.ActiveCfg = Debug|Any CPU
		{3E8C0131-1D86-4985-90B6-90CDBE4E3746}.Debug2019|Any CPU.Build.0 = Debug|Any CPU
		{3E8C0131-1D86-4985-90B6-90CDBE4E3746}.Debug2020|Any CPU.ActiveCfg = Debug|Any CPU
		{3E8C0131-1D86-4985-90B6-90CDBE4E3746}.Debug2021|Any CPU.ActiveCfg = Debug|Any CPU
		{3E8C0131-1D86-4985-90B6-90CDBE4E3746}.Debug2022|Any CPU.ActiveCfg = Debug|Any CPU
		{3E8C0131-1D86-4985-90B6-90CDBE4E3746}.Debug2023|Any CPU.ActiveCfg = Debug|Any CPU
		{3E8C0131-1D86-4985-90B6-90CDBE4E3746}.Release|Any CPU.ActiveCfg = Release|Any CPU
		{3E8C0131-1D86-4985-90B6-90CDBE4E3746}.Release|Any CPU.Build.0 = Release|Any CPU
		{3E8C0131-1D86-4985-90B6-90CDBE4E3746}.Release2016|Any CPU.ActiveCfg = Release|Any CPU
		{3E8C0131-1D86-4985-90B6-90CDBE4E3746}.Release2016|Any CPU.Build.0 = Release|Any CPU
		{3E8C0131-1D86-4985-90B6-90CDBE4E3746}.Release2017|Any CPU.ActiveCfg = Release|Any CPU
		{3E8C0131-1D86-4985-90B6-90CDBE4E3746}.Release2017|Any CPU.Build.0 = Release|Any CPU
		{3E8C0131-1D86-4985-90B6-90CDBE4E3746}.Release2018|Any CPU.ActiveCfg = Release|Any CPU
		{3E8C0131-1D86-4985-90B6-90CDBE4E3746}.Release2018|Any CPU.Build.0 = Release|Any CPU
		{3E8C0131-1D86-4985-90B6-90CDBE4E3746}.Release2019|Any CPU.ActiveCfg = Release|Any CPU
		{3E8C0131-1D86-4985-90B6-90CDBE4E3746}.Release2019|Any CPU.Build.0 = Release|Any CPU
		{3E8C0131-1D86-4985-90B6-90CDBE4E3746}.Release2020|Any CPU.ActiveCfg = Release|Any CPU
		{3E8C0131-1D86-4985-90B6-90CDBE4E3746}.Release2020|Any CPU.Build.0 = Release|Any CPU
		{3E8C0131-1D86-4985-90B6-90CDBE4E3746}.Release2021|Any CPU.ActiveCfg = Release|Any CPU
		{3E8C0131-1D86-4985-90B6-90CDBE4E3746}.Release2021|Any CPU.Build.0 = Release|Any CPU
		{3E8C0131-1D86-4985-90B6-90CDBE4E3746}.Release2022|Any CPU.ActiveCfg = Release|Any CPU
		{3E8C0131-1D86-4985-90B6-90CDBE4E3746}.Release2022|Any CPU.Build.0 = Release|Any CPU
		{3E8C0131-1D86-4985-90B6-90CDBE4E3746}.Release2023|Any CPU.ActiveCfg = Release|Any CPU
		{3E8C0131-1D86-4985-90B6-90CDBE4E3746}.Release2023|Any CPU.Build.0 = Release|Any CPU
	EndGlobalSection
	GlobalSection(SolutionProperties) = preSolution
		HideSolutionNode = FALSE
	EndGlobalSection
	GlobalSection(ExtensibilityGlobals) = postSolution
		SolutionGuid = {03C754A0-3315-4560-AAB2-1DEDF3E5BE4C}
	EndGlobalSection
EndGlobal
